{
  "nodes": {
    "flake-utils": {
      "locked": {
        "lastModified": 1667395993,
        "narHash": "sha256-nuEHfE/LcWyuSWnS8t12N1wc105Qtau+/OdUAjtQ0rA=",
        "owner": "numtide",
        "repo": "flake-utils",
        "rev": "5aed5285a952e0b949eb3ba02c12fa4fcfef535f",
        "type": "github"
      },
      "original": {
        "owner": "numtide",
        "repo": "flake-utils",
        "type": "github"
      }
    },
    "nixpkgs": {
      "locked": {
        "lastModified": 1668507490,
        "narHash": "sha256-Crxt6u0qHzb24Bv+X4Sgy0FHhNOcdHMhlps3CoWFDf0=",
        "owner": "NixOS",
        "repo": "nixpkgs",
        "rev": "e3a720db368ed39b2f471d3431b294b6b800c9d6",
        "type": "github"
      },
      "original": {
        "owner": "NixOS",
        "repo": "nixpkgs",
        "type": "github"
      }
    },
    "root": {
      "inputs": {
        "flake-utils": "flake-utils",
        "nixpkgs": "nixpkgs",
        "rust-overlay": "rust-overlay"
      }
    },
    "rust-overlay": {
      "inputs": {
        "flake-utils": [
          "flake-utils"
        ],
        "nixpkgs": [
          "nixpkgs"
        ]
      },
      "locked": {
        "lastModified": 1668479979,
        "narHash": "sha256-UI+JUCBaMpn+5Y1hSePmndbYX5zu0+bavlfzrhPrGEk=",
        "owner": "oxalica",
        "repo": "rust-overlay",
        "rev": "2342f70f7257046effc031333c4cfdea66c91d82",
        "type": "github"
      },
      "original": {
        "owner": "oxalica",
        "repo": "rust-overlay",
        "type": "github"
      }
    }
  },
  "root": "root",
  "version": 7
}
